github.com/etheriamagazine/hugo-modules/analytics/plausible v0.0.0-20251222121928-811c88e10542 h1:N6uGdQPYAHzPZ2wRnQUHZZX6Yo4nVPOezh3iRubawLc=
github.com/etheriamagazine/hugo-modules/analytics/plausible v0.0.0-20251222121928-811c88e10542/go.mod h1:hbx0/wEA6E32OI10MlLaeBLkxyG0rKiqQmXDY6gJOB8=
github.com/etheriamagazine/hugo-modules/analytics/plausible v0.0.0-20251222163734-83d6d6d9bd89 h1:Py5mBg4+KiRuZACqcINCn0gGmbONrG/K7r3N97A6KJ8=
github.com/etheriamagazine/hugo-modules/analytics/plausible v0.0.0-20251222163734-83d6d6d9bd89/go.mod h1:hbx0/wEA6E32OI10MlLaeBLkxyG0rKiqQmXDY6gJOB8=
github.com/etheriamagazine/hugo-modules/imgproxy v0.0.0-20251222121928-811c88e10542 h1:wcDX3TvS/DqVplKfm6DEINKmBQOa5KWEcdtyE7qP3xQ=
github.com/etheriamagazine/hugo-modules/imgproxy v0.0.0-20251222121928-811c88e10542/go.mod h1:wrzYkbAgljjuhasbSTH0IuMaHiJBQW5whkCQZY/REMs=
github.com/etheriamagazine/hugo-modules/imgproxy v0.0.0-20251222163734-83d6d6d9bd89 h1:z2l8SWnMlQA25FWgZf0Wy9CXjeRhleYfjiSD7JaRm/Y=
github.com/etheriamagazine/hugo-modules/imgproxy v0.0.0-20251222163734-83d6d6d9bd89/go.mod h1:wrzYkbAgljjuhasbSTH0IuMaHiJBQW5whkCQZY/REMs=
github.com/etheriamagazine/hugo-modules/jslibs/a11y-dialog v0.0.0-20251222121928-811c88e10542 h1:2eNvwzMkE81Akcou2JWJfuTSTHq2P7t4VvCSfdcjefs=
github.com/etheriamagazine/hugo-modules/jslibs/a11y-dialog v0.0.0-20251222121928-811c88e10542/go.mod h1:3Kj0SjbPJDwADqW6mrDJwmEwtC6dQ2GItJqC+B7+Q/4=
github.com/etheriamagazine/hugo-modules/jslibs/a11y-dialog v0.0.0-20251222163734-83d6d6d9bd89 h1:gC0bBe57WBpEs3SeYy+1RXnDppUlOldglr01U1thVGo=
github.com/etheriamagazine/hugo-modules/jslibs/a11y-dialog v0.0.0-20251222163734-83d6d6d9bd89/go.mod h1:3Kj0SjbPJDwADqW6mrDJwmEwtC6dQ2GItJqC+B7+Q/4=
github.com/etheriamagazine/hugo-modules/jslibs/alpinejs v0.0.0-20251222121928-811c88e10542 h1:pdDx1cYOCEUgtvmCEJQjiNN/o08jHPsmxUZDfxKcfuk=
github.com/etheriamagazine/hugo-modules/jslibs/alpinejs v0.0.0-20251222121928-811c88e10542/go.mod h1:QRg5HxEMfTKkRR3aMOmfhzzu9BYe6dGYZMvvpgT3+qA=
github.com/etheriamagazine/hugo-modules/jslibs/alpinejs v0.0.0-20251222163734-83d6d6d9bd89 h1:xCDhZsahsatPh+M52qCvIE2q/kG4f4I84XcVq0QT/vQ=
github.com/etheriamagazine/hugo-modules/jslibs/alpinejs v0.0.0-20251222163734-83d6d6d9bd89/go.mod h1:QRg5HxEMfTKkRR3aMOmfhzzu9BYe6dGYZMvvpgT3+qA=
github.com/etheriamagazine/hugo-modules/jslibs/preact-bundle v0.0.0-20251222121928-811c88e10542 h1:6+6fRBX5RYdBHFLRDv3bwkNMO1eJexXz+Bj/+F66pnE=
github.com/etheriamagazine/hugo-modules/jslibs/preact-bundle v0.0.0-20251222121928-811c88e10542/go.mod h1:Dz+qvuNEJ+EpvRuwcInIhUIMjBrohDrJvmipY3rdMVo=
github.com/etheriamagazine/hugo-modules/jslibs/preact-bundle v0.0.0-20251222163734-83d6d6d9bd89 h1:Vef3Z7T6jO+hoi0ututKiof1i6gFbV3DAWzO0+8J8YY=
github.com/etheriamagazine/hugo-modules/jslibs/preact-bundle v0.0.0-20251222163734-83d6d6d9bd89/go.mod h1:Dz+qvuNEJ+EpvRuwcInIhUIMjBrohDrJvmipY3rdMVo=
github.com/etheriamagazine/hugo-modules/seo v0.0.0-20251222121928-811c88e10542 h1:lOBuR9l9HkeL/c1mYxzmamdCtBZn8IPLQU3Uvkbs1WQ=
github.com/etheriamagazine/hugo-modules/seo v0.0.0-20251222121928-811c88e10542/go.mod h1:ZHvXMVQsq5YUGqK5Sw0GegyUjLYbY/m7G1XC4zz2SBk=
github.com/etheriamagazine/hugo-modules/seo v0.0.0-20251222163734-83d6d6d9bd89 h1:4/3P6lEpEHoux9M0C0ZUD1rGa0t3MORWaWUct1pT7CM=
github.com/etheriamagazine/hugo-modules/seo v0.0.0-20251222163734-83d6d6d9bd89/go.mod h1:ZHvXMVQsq5YUGqK5Sw0GegyUjLYbY/m7G1XC4zz2SBk=
github.com/etheriamagazine/hugo-modules/sky-theme v0.0.0-20251222121928-811c88e10542 h1:oV15WklBx0+CtOT/kF+/qPXhhJ5n93moAsmDdTzHYhA=
github.com/etheriamagazine/hugo-modules/sky-theme v0.0.0-20251222121928-811c88e10542/go.mod h1:an9rkSG/l2qODQVJnREag/z4RgmtBY6LDBHy8ZBGIwo=
github.com/etheriamagazine/hugo-modules/sky-theme v0.0.0-20251222163734-83d6d6d9bd89 h1:ZnP49X1uvWl+zkgQ+jyR0MfsJF7Se8i7RGHAe5Nijds=
github.com/etheriamagazine/hugo-modules/sky-theme v0.0.0-20251222163734-83d6d6d9bd89/go.mod h1:an9rkSG/l2qODQVJnREag/z4RgmtBY6LDBHy8ZBGIwo=
