github.com/etheriamagazine/hugo-modules/analytics/plausible v0.0.0-20251028183834-9c27b173d41a h1:ktx6ugh2/Ynq+FDE396/MKXxZQL87iiqjDNgFVmjpxQ=
github.com/etheriamagazine/hugo-modules/analytics/plausible v0.0.0-20251028183834-9c27b173d41a/go.mod h1:hbx0/wEA6E32OI10MlLaeBLkxyG0rKiqQmXDY6gJOB8=
github.com/etheriamagazine/hugo-modules/imgproxy v0.0.0-20251028183834-9c27b173d41a h1:vWeTsgERr6oZq4yWnAT1Kuh426cbu2NvoML2kfgSUnY=
github.com/etheriamagazine/hugo-modules/imgproxy v0.0.0-20251028183834-9c27b173d41a/go.mod h1:wrzYkbAgljjuhasbSTH0IuMaHiJBQW5whkCQZY/REMs=
github.com/etheriamagazine/hugo-modules/jslibs/a11y-dialog v0.0.0-20251028183834-9c27b173d41a h1:GFZQAepxO00ntim1jQE2ZJF5MKVkkXEu59U/0H/latQ=
github.com/etheriamagazine/hugo-modules/jslibs/a11y-dialog v0.0.0-20251028183834-9c27b173d41a/go.mod h1:3Kj0SjbPJDwADqW6mrDJwmEwtC6dQ2GItJqC+B7+Q/4=
github.com/etheriamagazine/hugo-modules/jslibs/alpinejs v0.0.0-20251028183834-9c27b173d41a h1:idIBt7RytQpZExoq5Zjwev+czy8y8SEhRWi1ojI0eVU=
github.com/etheriamagazine/hugo-modules/jslibs/alpinejs v0.0.0-20251028183834-9c27b173d41a/go.mod h1:QRg5HxEMfTKkRR3aMOmfhzzu9BYe6dGYZMvvpgT3+qA=
github.com/etheriamagazine/hugo-modules/jslibs/preact-bundle v0.0.0-20251028183834-9c27b173d41a h1:JZowdkrOzURJVmbfSeO+xHp0W5H/5z/BeNzgSs4F2nM=
github.com/etheriamagazine/hugo-modules/jslibs/preact-bundle v0.0.0-20251028183834-9c27b173d41a/go.mod h1:Dz+qvuNEJ+EpvRuwcInIhUIMjBrohDrJvmipY3rdMVo=
github.com/etheriamagazine/hugo-modules/seo v0.0.0-20251028183834-9c27b173d41a h1:0oPRB24kMVkP5vhLjk/JMiMCnkjElGeMv1nlurW3Rlk=
github.com/etheriamagazine/hugo-modules/seo v0.0.0-20251028183834-9c27b173d41a/go.mod h1:ZHvXMVQsq5YUGqK5Sw0GegyUjLYbY/m7G1XC4zz2SBk=
github.com/etheriamagazine/hugo-modules/sky-theme v0.0.0-20251028183834-9c27b173d41a h1:KfU5YQaDp1mAhAIiY4F6ToNl7aTv9xfRxoRXfyjXjYk=
github.com/etheriamagazine/hugo-modules/sky-theme v0.0.0-20251028183834-9c27b173d41a/go.mod h1:an9rkSG/l2qODQVJnREag/z4RgmtBY6LDBHy8ZBGIwo=
